// !$*UTF8*$!
{
	archiveVersion = 1;
	classes = {
	};
	objectVersion = 56;
	objects = {

/* Begin PBXBuildFile section */
		FC53523229A0BBAE00957C49 /* AppDelegate.swift in Sources */ = {isa = PBXBuildFile; fileRef = FC53523129A0BBAE00957C49 /* AppDelegate.swift */; };
		FC53523429A0BBAE00957C49 /* SceneDelegate.swift in Sources */ = {isa = PBXBuildFile; fileRef = FC53523329A0BBAE00957C49 /* SceneDelegate.swift */; };
		FC53523629A0BBAE00957C49 /* ViewController.swift in Sources */ = {isa = PBXBuildFile; fileRef = FC53523529A0BBAE00957C49 /* ViewController.swift */; };
		FC53523929A0BBAE00957C49 /* Main.storyboard in Resources */ = {isa = PBXBuildFile; fileRef = FC53523729A0BBAE00957C49 /* Main.storyboard */; };
		FC53523B29A0BBB000957C49 /* Assets.xcassets in Resources */ = {isa = PBXBuildFile; fileRef = FC53523A29A0BBB000957C49 /* Assets.xcassets */; };
		FC53523E29A0BBB000957C49 /* LaunchScreen.storyboard in Resources */ = {isa = PBXBuildFile; fileRef = FC53523C29A0BBB000957C49 /* LaunchScreen.storyboard */; };
		FC53524629A0BBD300957C49 /* Instructor.swift in Sources */ = {isa = PBXBuildFile; fileRef = FC53524529A0BBD300957C49 /* Instructor.swift */; };
		FC53524829A0BBDC00957C49 /* WeakInstructor.swift in Sources */ = {isa = PBXBuildFile; fileRef = FC53524729A0BBDC00957C49 /* WeakInstructor.swift */; };
		FC53524A29A0BBE700957C49 /* WeakSelfClosures.swift in Sources */ = {isa = PBXBuildFile; fileRef = FC53524929A0BBE700957C49 /* WeakSelfClosures.swift */; };
		FC53524C29A0BF1C00957C49 /* WeakSelfExtra.swift in Sources */ = {isa = PBXBuildFile; fileRef = FC53524B29A0BF1C00957C49 /* WeakSelfExtra.swift */; };
/* End PBXBuildFile section */

/* Begin PBXFileReference section */
		FC53522E29A0BBAE00957C49 /* RetainCycleExplained.app */ = {isa = PBXFileReference; explicitFileType = wrapper.application; includeInIndex = 0; path = RetainCycleExplained.app; sourceTree = BUILT_PRODUCTS_DIR; };
		FC53523129A0BBAE00957C49 /* AppDelegate.swift */ = {isa = PBXFileReference; lastKnownFileType = sourcecode.swift; path = AppDelegate.swift; sourceTree = "<group>"; };
		FC53523329A0BBAE00957C49 /* SceneDelegate.swift */ = {isa = PBXFileReference; lastKnownFileType = sourcecode.swift; path = SceneDelegate.swift; sourceTree = "<group>"; };
		FC53523529A0BBAE00957C49 /* ViewController.swift */ = {isa = PBXFileReference; lastKnownFileType = sourcecode.swift; path = ViewController.swift; sourceTree = "<group>"; };
		FC53523829A0BBAE00957C49 /* Base */ = {isa = PBXFileReference; lastKnownFileType = file.storyboard; name = Base; path = Base.lproj/Main.storyboard; sourceTree = "<group>"; };
		FC53523A29A0BBB000957C49 /* Assets.xcassets */ = {isa = PBXFileReference; lastKnownFileType = folder.assetcatalog; path = Assets.xcassets; sourceTree = "<group>"; };
		FC53523D29A0BBB000957C49 /* Base */ = {isa = PBXFileReference; lastKnownFileType = file.storyboard; name = Base; path = Base.lproj/LaunchScreen.storyboard; sourceTree = "<group>"; };
		FC53523F29A0BBB000957C49 /* Info.plist */ = {isa = PBXFileReference; lastKnownFileType = text.plist.xml; path = Info.plist; sourceTree = "<group>"; };
		FC53524529A0BBD300957C49 /* Instructor.swift */ = {isa = PBXFileReference; lastKnownFileType = sourcecode.swift; path = Instructor.swift; sourceTree = "<group>"; };
		FC53524729A0BBDC00957C49 /* WeakInstructor.swift */ = {isa = PBXFileReference; lastKnownFileType = sourcecode.swift; path = WeakInstructor.swift; sourceTree = "<group>"; };
		FC53524929A0BBE700957C49 /* WeakSelfClosures.swift */ = {isa = PBXFileReference; lastKnownFileType = sourcecode.swift; path = WeakSelfClosures.swift; sourceTree = "<group>"; };
		FC53524B29A0BF1C00957C49 /* WeakSelfExtra.swift */ = {isa = PBXFileReference; lastKnownFileType = sourcecode.swift; path = WeakSelfExtra.swift; sourceTree = "<group>"; };
/* End PBXFileReference section */

/* Begin PBXFrameworksBuildPhase section */
		FC53522B29A0BBAE00957C49 /* Frameworks */ = {
			isa = PBXFrameworksBuildPhase;
			buildActionMask = 2147483647;
			files = (
			);
			runOnlyForDeploymentPostprocessing = 0;
		};
/* End PBXFrameworksBuildPhase section */

/* Begin PBXGroup section */
		FC53522529A0BBAE00957C49 = {
			isa = PBXGroup;
			children = (
				FC53523029A0BBAE00957C49 /* RetainCycleExplained */,
				FC53522F29A0BBAE00957C49 /* Products */,
			);
			sourceTree = "<group>";
		};
		FC53522F29A0BBAE00957C49 /* Products */ = {
			isa = PBXGroup;
			children = (
				FC53522E29A0BBAE00957C49 /* RetainCycleExplained.app */,
			);
			name = Products;
			sourceTree = "<group>";
		};
		FC53523029A0BBAE00957C49 /* RetainCycleExplained */ = {
			isa = PBXGroup;
			children = (
				FC53523129A0BBAE00957C49 /* AppDelegate.swift */,
				FC53523329A0BBAE00957C49 /* SceneDelegate.swift */,
				FC53523529A0BBAE00957C49 /* ViewController.swift */,
				FC53523729A0BBAE00957C49 /* Main.storyboard */,
				FC53523A29A0BBB000957C49 /* Assets.xcassets */,
				FC53523C29A0BBB000957C49 /* LaunchScreen.storyboard */,
				FC53523F29A0BBB000957C49 /* Info.plist */,
				FC53524529A0BBD300957C49 /* Instructor.swift */,
				FC53524729A0BBDC00957C49 /* WeakInstructor.swift */,
				FC53524929A0BBE700957C49 /* WeakSelfClosures.swift */,
				FC53524B29A0BF1C00957C49 /* WeakSelfExtra.swift */,
			);
			path = RetainCycleExplained;
			sourceTree = "<group>";
		};
/* End PBXGroup section */

/* Begin PBXNativeTarget section */
		FC53522D29A0BBAE00957C49 /* RetainCycleExplained */ = {
			isa = PBXNativeTarget;
			buildConfigurationList = FC53524229A0BBB000957C49 /* Build configuration list for PBXNativeTarget "RetainCycleExplained" */;
			buildPhases = (
				FC53522A29A0BBAE00957C49 /* Sources */,
				FC53522B29A0BBAE00957C49 /* Frameworks */,
				FC53522C29A0BBAE00957C49 /* Resources */,
			);
			buildRules = (
			);
			dependencies = (
			);
			name = RetainCycleExplained;
			productName = RetainCycleExplained;
			productReference = FC53522E29A0BBAE00957C49 /* RetainCycleExplained.app */;
			productType = "com.apple.product-type.application";
		};
/* End PBXNativeTarget section */

/* Begin PBXProject section */
		FC53522629A0BBAE00957C49 /* Project object */ = {
			isa = PBXProject;
			attributes = {
				BuildIndependentTargetsInParallel = 1;
				LastSwiftUpdateCheck = 1420;
				LastUpgradeCheck = 1420;
				TargetAttributes = {
					FC53522D29A0BBAE00957C49 = {
						CreatedOnToolsVersion = 14.2;
					};
				};
			};
			buildConfigurationList = FC53522929A0BBAE00957C49 /* Build configuration list for PBXProject "RetainCycleExplained" */;
			compatibilityVersion = "Xcode 14.0";
			developmentRegion = en;
			hasScannedForEncodings = 0;
			knownRegions = (
				en,
				Base,
			);
			mainGroup = FC53522529A0BBAE00957C49;
			productRefGroup = FC53522F29A0BBAE00957C49 /* Products */;
			projectDirPath = "";
			projectRoot = "";
			targets = (
				FC53522D29A0BBAE00957C49 /* RetainCycleExplained */,
			);
		};
/* End PBXProject section */

/* Begin PBXResourcesBuildPhase section */
		FC53522C29A0BBAE00957C49 /* Resources */ = {
			isa = PBXResourcesBuildPhase;
			buildActionMask = 2147483647;
			files = (
				FC53523E29A0BBB000957C49 /* LaunchScreen.storyboard in Resources */,
				FC53523B29A0BBB000957C49 /* Assets.xcassets in Resources */,
				FC53523929A0BBAE00957C49 /* Main.storyboard in Resources */,
			);
			runOnlyForDeploymentPostprocessing = 0;
		};
/* End PBXResourcesBuildPhase section */

/* Begin PBXSourcesBuildPhase section */
		FC53522A29A0BBAE00957C49 /* Sources */ = {
			isa = PBXSourcesBuildPhase;
			buildActionMask = 2147483647;
			files = (
				FC53524629A0BBD300957C49 /* Instructor.swift in Sources */,
				FC53524C29A0BF1C00957C49 /* WeakSelfExtra.swift in Sources */,
				FC53524A29A0BBE700957C49 /* WeakSelfClosures.swift in Sources */,
				FC53523629A0BBAE00957C49 /* ViewController.swift in Sources */,
				FC53523229A0BBAE00957C49 /* AppDelegate.swift in Sources */,
				FC53523429A0BBAE00957C49 /* SceneDelegate.swift in Sources */,
				FC53524829A0BBDC00957C49 /* WeakInstructor.swift in Sources */,
			);
			runOnlyForDeploymentPostprocessing = 0;
		};
/* End PBXSourcesBuildPhase section */

/* Begin PBXVariantGroup section */
		FC53523729A0BBAE00957C49 /* Main.storyboard */ = {
			isa = PBXVariantGroup;
			children = (
				FC53523829A0BBAE00957C49 /* Base */,
			);
			name = Main.storyboard;
			sourceTree = "<group>";
		};
		FC53523C29A0BBB000957C49 /* LaunchScreen.storyboard */ = {
			isa = PBXVariantGroup;
			children = (
				FC53523D29A0BBB000957C49 /* Base */,
			);
			name = LaunchScreen.storyboard;
			sourceTree = "<group>";
		};
/* End PBXVariantGroup section */

/* Begin XCBuildConfiguration section */
		FC53524029A0BBB000957C49 /* Debug */ = {
			isa = XCBuildConfiguration;
			buildSettings = {
				ALWAYS_SEARCH_USER_PATHS = NO;
				CLANG_ANALYZER_NONNULL = YES;
				CLANG_ANALYZER_NUMBER_OBJECT_CONVERSION = YES_AGGRESSIVE;
				CLANG_CXX_LANGUAGE_STANDARD = "gnu++20";
				CLANG_ENABLE_MODULES = YES;
				CLANG_ENABLE_OBJC_ARC = YES;
				CLANG_ENABLE_OBJC_WEAK = YES;
				CLANG_WARN_BLOCK_CAPTURE_AUTORELEASING = YES;
				CLANG_WARN_BOOL_CONVERSION = YES;
				CLANG_WARN_COMMA = YES;
				CLANG_WARN_CONSTANT_CONVERSION = YES;
				CLANG_WARN_DEPRECATED_OBJC_IMPLEMENTATIONS = YES;
				CLANG_WARN_DIRECT_OBJC_ISA_USAGE = YES_ERROR;
				CLANG_WARN_DOCUMENTATION_COMMENTS = YES;
				CLANG_WARN_EMPTY_BODY = YES;
				CLANG_WARN_ENUM_CONVERSION = YES;
				CLANG_WARN_INFINITE_RECURSION = YES;
				CLANG_WARN_INT_CONVERSION = YES;
				CLANG_WARN_NON_LITERAL_NULL_CONVERSION = YES;
				CLANG_WARN_OBJC_IMPLICIT_RETAIN_SELF = YES;
				CLANG_WARN_OBJC_LITERAL_CONVERSION = YES;
				CLANG_WARN_OBJC_ROOT_CLASS = YES_ERROR;
				CLANG_WARN_QUOTED_INCLUDE_IN_FRAMEWORK_HEADER = YES;
				CLANG_WARN_RANGE_LOOP_ANALYSIS = YES;
				CLANG_WARN_STRICT_PROTOTYPES = YES;
				CLANG_WARN_SUSPICIOUS_MOVE = YES;
				CLANG_WARN_UNGUARDED_AVAILABILITY = YES_AGGRESSIVE;
				CLANG_WARN_UNREACHABLE_CODE = YES;
				CLANG_WARN__DUPLICATE_METHOD_MATCH = YES;
				COPY_PHASE_STRIP = NO;
				DEBUG_INFORMATION_FORMAT = dwarf;
				ENABLE_STRICT_OBJC_MSGSEND = YES;
				ENABLE_TESTABILITY = YES;
				GCC_C_LANGUAGE_STANDARD = gnu11;
				GCC_DYNAMIC_NO_PIC = NO;
				GCC_NO_COMMON_BLOCKS = YES;
				GCC_OPTIMIZATION_LEVEL = 0;
				GCC_PREPROCESSOR_DEFINITIONS = (
					"DEBUG=1",
					"$(inherited)",
				);
				GCC_WARN_64_TO_32_BIT_CONVERSION = YES;
				GCC_WARN_ABOUT_RETURN_TYPE = YES_ERROR;
				GCC_WARN_UNDECLARED_SELECTOR = YES;
				GCC_WARN_UNINITIALIZED_AUTOS = YES_AGGRESSIVE;
				GCC_WARN_UNUSED_FUNCTION = YES;
				GCC_WARN_UNUSED_VARIABLE = YES;
				IPHONEOS_DEPLOYMENT_TARGET = 16.2;
				MTL_ENABLE_DEBUG_INFO = INCLUDE_SOURCE;
				MTL_FAST_MATH = YES;
				ONLY_ACTIVE_ARCH = YES;
				SDKROOT = iphoneos;
				SWIFT_ACTIVE_COMPILATION_CONDITIONS = DEBUG;
				SWIFT_OPTIMIZATION_LEVEL = "-Onone";
			};
			name = Debug;
		};
		FC53524129A0BBB000957C49 /* Release */ = {
			isa = XCBuildConfiguration;
			buildSettings = {
				ALWAYS_SEARCH_USER_PATHS = NO;
				CLANG_ANALYZER_NONNULL = YES;
				CLANG_ANALYZER_NUMBER_OBJECT_CONVERSION = YES_AGGRESSIVE;
				CLANG_CXX_LANGUAGE_STANDARD = "gnu++20";
				CLANG_ENABLE_MODULES = YES;
				CLANG_ENABLE_OBJC_ARC = YES;
				CLANG_ENABLE_OBJC_WEAK = YES;
				CLANG_WARN_BLOCK_CAPTURE_AUTORELEASING = YES;
				CLANG_WARN_BOOL_CONVERSION = YES;
				CLANG_WARN_COMMA = YES;
				CLANG_WARN_CONSTANT_CONVERSION = YES;
				CLANG_WARN_DEPRECATED_OBJC_IMPLEMENTATIONS = YES;
				CLANG_WARN_DIRECT_OBJC_ISA_USAGE = YES_ERROR;
				CLANG_WARN_DOCUMENTATION_COMMENTS = YES;
				CLANG_WARN_EMPTY_BODY = YES;
				CLANG_WARN_ENUM_CONVERSION = YES;
				CLANG_WARN_INFINITE_RECURSION = YES;
				CLANG_WARN_INT_CONVERSION = YES;
				CLANG_WARN_NON_LITERAL_NULL_CONVERSION = YES;
				CLANG_WARN_OBJC_IMPLICIT_RETAIN_SELF = YES;
				CLANG_WARN_OBJC_LITERAL_CONVERSION = YES;
				CLANG_WARN_OBJC_ROOT_CLASS = YES_ERROR;
				CLANG_WARN_QUOTED_INCLUDE_IN_FRAMEWORK_HEADER = YES;
				CLANG_WARN_RANGE_LOOP_ANALYSIS = YES;
				CLANG_WARN_STRICT_PROTOTYPES = YES;
				CLANG_WARN_SUSPICIOUS_MOVE = YES;
				CLANG_WARN_UNGUARDED_AVAILABILITY = YES_AGGRESSIVE;
				CLANG_WARN_UNREACHABLE_CODE = YES;
				CLANG_WARN__DUPLICATE_METHOD_MATCH = YES;
				COPY_PHASE_STRIP = NO;
				DEBUG_INFORMATION_FORMAT = "dwarf-with-dsym";
				ENABLE_NS_ASSERTIONS = NO;
				ENABLE_STRICT_OBJC_MSGSEND = YES;
				GCC_C_LANGUAGE_STANDARD = gnu11;
				GCC_NO_COMMON_BLOCKS = YES;
				GCC_WARN_64_TO_32_BIT_CONVERSION = YES;
				GCC_WARN_ABOUT_RETURN_TYPE = YES_ERROR;
				GCC_WARN_UNDECLARED_SELECTOR = YES;
				GCC_WARN_UNINITIALIZED_AUTOS = YES_AGGRESSIVE;
				GCC_WARN_UNUSED_FUNCTION = YES;
				GCC_WARN_UNUSED_VARIABLE = YES;
				IPHONEOS_DEPLOYMENT_TARGET = 16.2;
				MTL_ENABLE_DEBUG_INFO = NO;
				MTL_FAST_MATH = YES;
				SDKROOT = iphoneos;
				SWIFT_COMPILATION_MODE = wholemodule;
				SWIFT_OPTIMIZATION_LEVEL = "-O";
				VALIDATE_PRODUCT = YES;
			};
			name = Release;
		};
		FC53524329A0BBB000957C49 /* Debug */ = {
			isa = XCBuildConfiguration;
			buildSettings = {
				ASSETCATALOG_COMPILER_APPICON_NAME = AppIcon;
				ASSETCATALOG_COMPILER_GLOBAL_ACCENT_COLOR_NAME = AccentColor;
				CODE_SIGN_STYLE = Automatic;
				CURRENT_PROJECT_VERSION = 1;
				DEVELOPMENT_TEAM = 7SH627DBA4;
				GENERATE_INFOPLIST_FILE = YES;
				INFOPLIST_FILE = RetainCycleExplained/Info.plist;
				INFOPLIST_KEY_UIApplicationSupportsIndirectInputEvents = YES;
				INFOPLIST_KEY_UILaunchStoryboardName = LaunchScreen;
				INFOPLIST_KEY_UIMainStoryboardFile = Main;
				INFOPLIST_KEY_UISupportedInterfaceOrientations_iPad = "UIInterfaceOrientationPortrait UIInterfaceOrientationPortraitUpsideDown UIInterfaceOrientationLandscapeLeft UIInterfaceOrientationLandscapeRight";
				INFOPLIST_KEY_UISupportedInterfaceOrientations_iPhone = "UIInterfaceOrientationPortrait UIInterfaceOrientationLandscapeLeft UIInterfaceOrientationLandscapeRight";
				LD_RUNPATH_SEARCH_PATHS = (
					"$(inherited)",
					"@executable_path/Frameworks",
				);
				MARKETING_VERSION = 1.0;
				PRODUCT_BUNDLE_IDENTIFIER = com.atilsamancioglu.RetainCycleExplained;
				PRODUCT_NAME = "$(TARGET_NAME)";
				SWIFT_EMIT_LOC_STRINGS = YES;
				SWIFT_VERSION = 5.0;
				TARGETED_DEVICE_FAMILY = "1,2";
			};
			name = Debug;
		};
		FC53524429A0BBB000957C49 /* Release */ = {
			isa = XCBuildConfiguration;
			buildSettings = {
				ASSETCATALOG_COMPILER_APPICON_NAME = AppIcon;
				ASSETCATALOG_COMPILER_GLOBAL_ACCENT_COLOR_NAME = AccentColor;
				CODE_SIGN_STYLE = Automatic;
				CURRENT_PROJECT_VERSION = 1;
				DEVELOPMENT_TEAM = 7SH627DBA4;
				GENERATE_INFOPLIST_FILE = YES;
				INFOPLIST_FILE = RetainCycleExplained/Info.plist;
				INFOPLIST_KEY_UIApplicationSupportsIndirectInputEvents = YES;
				INFOPLIST_KEY_UILaunchStoryboardName = LaunchScreen;
				INFOPLIST_KEY_UIMainStoryboardFile = Main;
				INFOPLIST_KEY_UISupportedInterfaceOrientations_iPad = "UIInterfaceOrientationPortrait UIInterfaceOrientationPortraitUpsideDown UIInterfaceOrientationLandscapeLeft UIInterfaceOrientationLandscapeRight";
				INFOPLIST_KEY_UISupportedInterfaceOrientations_iPhone = "UIInterfaceOrientationPortrait UIInterfaceOrientationLandscapeLeft UIInterfaceOrientationLandscapeRight";
				LD_RUNPATH_SEARCH_PATHS = (
					"$(inherited)",
					"@executable_path/Frameworks",
				);
				MARKETING_VERSION = 1.0;
				PRODUCT_BUNDLE_IDENTIFIER = com.atilsamancioglu.RetainCycleExplained;
				PRODUCT_NAME = "$(TARGET_NAME)";
				SWIFT_EMIT_LOC_STRINGS = YES;
				SWIFT_VERSION = 5.0;
				TARGETED_DEVICE_FAMILY = "1,2";
			};
			name = Release;
		};
/* End XCBuildConfiguration section */

/* Begin XCConfigurationList section */
		FC53522929A0BBAE00957C49 /* Build configuration list for PBXProject "RetainCycleExplained" */ = {
			isa = XCConfigurationList;
			buildConfigurations = (
				FC53524029A0BBB000957C49 /* Debug */,
				FC53524129A0BBB000957C49 /* Release */,
			);
			defaultConfigurationIsVisible = 0;
			defaultConfigurationName = Release;
		};
		FC53524229A0BBB000957C49 /* Build configuration list for PBXNativeTarget "RetainCycleExplained" */ = {
			isa = XCConfigurationList;
			buildConfigurations = (
				FC53524329A0BBB000957C49 /* Debug */,
				FC53524429A0BBB000957C49 /* Release */,
			);
			defaultConfigurationIsVisible = 0;
			defaultConfigurationName = Release;
		};
/* End XCConfigurationList section */
	};
	rootObject = FC53522629A0BBAE00957C49 /* Project object */;
}
